{
    "_meta": {
        "hash": {
            "sha256": "2e824d6954dc12c8d219bdd0d88f78b0c7852ae6e910d833723c3d3bf12f3eeb"
        },
        "pipfile-spec": 6,
        "requires": {
            "python_version": "3.6"
        },
        "sources": [
            {
                "name": "pypi",
                "url": "https://pypi.org/simple",
                "verify_ssl": true
            }
        ]
    },
    "default": {
        "django": {
            "hashes": [
                "sha256:9ef9de0a957245ed3a29c4162ed2fd493252ca249a755f9e2b4a9be82caf8f6b",
                "sha256:c69e0c0416f2376b677830304d4c5fa8793b9c815af77be659a3c50d1f46c2e6"
            ],
            "index": "pypi",
            "version": "==1.11.3"
        },
        "python-dotenv": {
            "hashes": [
                "sha256:debd928b49dbc2bf68040566f55cdb3252458036464806f4094487244e2a4093",
                "sha256:f157d71d5fec9d4bd5f51c82746b6344dffa680ee85217c123f4a0c8117c4544"
            ],
            "index": "pypi",
            "version": "==0.10.3"
        },
        "pytz": {
            "hashes": [
                "sha256:1c557d7d0e871de1f5ccd5833f60fb2550652da6be2693c1e02300743d21500d",
                "sha256:b02c06db6cf09c12dd25137e563b31700d3b80fcc4ad23abb7a315f2789819be"
            ],
            "version": "==2019.3"
        },
        "selenium": {
            "hashes": [
                "sha256:0c09f437f4f6754c0543d79bae4e58b8fd40b3d7cd10889eca66dd1c7af24c63",
                "sha256:9e4885e7c72e20126b22ce5fc5981bbedd80bff99474c0757f62d5e68e1f17ac"
            ],
            "index": "pypi",
            "version": "==3.4.3"
        }
    },
    "develop": {}
}
